
Microsoft Visual Studio Solution File, Format Version 12.00
# Visual Studio 15
VisualStudioVersion = 15.0.26430.16
MinimumVisualStudioVersion = 10.0.40219.1
Project("{FAE04EC0-301F-11D3-BF4B-00C04F79EFBC}") = "SixNimmtBot", "SixNimmtBot\SixNimmtBot\SixNimmtBot.csproj", "{8E32ACB4-5B58-4C7F-A651-B15E680F2838}"
EndProject
Project("{2150E333-8FDC-42A3-9474-1A3956D46DE8}") = "SixNimmt", "SixNimmt", "{0514D2CB-AEC9-4765-852F-27D75E262A11}"
EndProject
Project("{FAE04EC0-301F-11D3-BF4B-00C04F79EFBC}") = "Database", "SixNimmtBot\Database\Database.csproj", "{BC6CBD8E-5C35-41C7-AA1A-EB6493AD9E67}"
EndProject
Project("{FAE04EC0-301F-11D3-BF4B-00C04F79EFBC}") = "Updater", "SixNimmtBot\Updater\Updater.csproj", "{92FE3239-7391-4B01-9796-8FB1E147E422}"
EndProject
Global
	GlobalSection(SolutionConfigurationPlatforms) = preSolution
		Debug|Any CPU = Debug|Any CPU
		Release|Any CPU = Release|Any CPU
	EndGlobalSection
	GlobalSection(ProjectConfigurationPlatforms) = postSolution
		{8E32ACB4-5B58-4C7F-A651-B15E680F2838}.Debug|Any CPU.ActiveCfg = Debug|Any CPU
		{8E32ACB4-5B58-4C7F-A651-B15E680F2838}.Debug|Any CPU.Build.0 = Debug|Any CPU
		{8E32ACB4-5B58-4C7F-A651-B15E680F2838}.Release|Any CPU.ActiveCfg = Release|Any CPU
		{8E32ACB4-5B58-4C7F-A651-B15E680F2838}.Release|Any CPU.Build.0 = Release|Any CPU
		{BC6CBD8E-5C35-41C7-AA1A-EB6493AD9E67}.Debug|Any CPU.ActiveCfg = Release|Any CPU
		{BC6CBD8E-5C35-41C7-AA1A-EB6493AD9E67}.Debug|Any CPU.Build.0 = Release|Any CPU
		{BC6CBD8E-5C35-41C7-AA1A-EB6493AD9E67}.Release|Any CPU.ActiveCfg = Release|Any CPU
		{BC6CBD8E-5C35-41C7-AA1A-EB6493AD9E67}.Release|Any CPU.Build.0 = Release|Any CPU
		{92FE3239-7391-4B01-9796-8FB1E147E422}.Debug|Any CPU.ActiveCfg = Release|Any CPU
		{92FE3239-7391-4B01-9796-8FB1E147E422}.Debug|Any CPU.Build.0 = Release|Any CPU
		{92FE3239-7391-4B01-9796-8FB1E147E422}.Release|Any CPU.ActiveCfg = Release|Any CPU
		{92FE3239-7391-4B01-9796-8FB1E147E422}.Release|Any CPU.Build.0 = Release|Any CPU
	EndGlobalSection
	GlobalSection(SolutionProperties) = preSolution
		HideSolutionNode = FALSE
	EndGlobalSection
	GlobalSection(NestedProjects) = preSolution
		{8E32ACB4-5B58-4C7F-A651-B15E680F2838} = {0514D2CB-AEC9-4765-852F-27D75E262A11}
		{BC6CBD8E-5C35-41C7-AA1A-EB6493AD9E67} = {0514D2CB-AEC9-4765-852F-27D75E262A11}
		{92FE3239-7391-4B01-9796-8FB1E147E422} = {0514D2CB-AEC9-4765-852F-27D75E262A11}
	EndGlobalSection
	GlobalSection(ExtensibilityGlobals) = postSolution
		SolutionGuid = {DEC9F2A6-C0B5-4248-8DAB-E3A6EF094A0A}
	EndGlobalSection
EndGlobal
